// !$*UTF8*$!
{
	archiveVersion = 1;
	classes = {
	};
	objectVersion = 46;
	objects = {

/* Begin PBXBuildFile section */
		8B1D162319994ACA00D30F2C /* Person.swift in Sources */ = {isa = PBXBuildFile; fileRef = 8B1D162219994ACA00D30F2C /* Person.swift */; };
		8B78FC1C199BF8600098F8C9 /* DetailViewController.swift in Sources */ = {isa = PBXBuildFile; fileRef = 8B78FC1B199BF8600098F8C9 /* DetailViewController.swift */; };
		8B78FC1E19A03FBA0098F8C9 /* AddNewPersonViewController.swift in Sources */ = {isa = PBXBuildFile; fileRef = 8B78FC1D19A03FBA0098F8C9 /* AddNewPersonViewController.swift */; };
		8B9D59F81995A37B00075D48 /* AppDelegate.swift in Sources */ = {isa = PBXBuildFile; fileRef = 8B9D59F71995A37B00075D48 /* AppDelegate.swift */; };
		8B9D59FA1995A37B00075D48 /* ViewController.swift in Sources */ = {isa = PBXBuildFile; fileRef = 8B9D59F91995A37B00075D48 /* ViewController.swift */; };
		8B9D59FD1995A37B00075D48 /* Main.storyboard in Resources */ = {isa = PBXBuildFile; fileRef = 8B9D59FB1995A37B00075D48 /* Main.storyboard */; };
		8B9D59FF1995A37B00075D48 /* Images.xcassets in Resources */ = {isa = PBXBuildFile; fileRef = 8B9D59FE1995A37B00075D48 /* Images.xcassets */; };
		8B9D5A0B1995A37B00075D48 /* ClassRosterTests.swift in Sources */ = {isa = PBXBuildFile; fileRef = 8B9D5A0A1995A37B00075D48 /* ClassRosterTests.swift */; };
/* End PBXBuildFile section */

/* Begin PBXContainerItemProxy section */
		8B9D5A051995A37B00075D48 /* PBXContainerItemProxy */ = {
			isa = PBXContainerItemProxy;
			containerPortal = 8B9D59EA1995A37B00075D48 /* Project object */;
			proxyType = 1;
			remoteGlobalIDString = 8B9D59F11995A37B00075D48;
			remoteInfo = ClassRoster;
		};
/* End PBXContainerItemProxy section */

/* Begin PBXFileReference section */
		8B1D162219994ACA00D30F2C /* Person.swift */ = {isa = PBXFileReference; fileEncoding = 4; lastKnownFileType = sourcecode.swift; path = Person.swift; sourceTree = "<group>"; };
		8B78FC1B199BF8600098F8C9 /* DetailViewController.swift */ = {isa = PBXFileReference; fileEncoding = 4; lastKnownFileType = sourcecode.swift; path = DetailViewController.swift; sourceTree = "<group>"; };
		8B78FC1D19A03FBA0098F8C9 /* AddNewPersonViewController.swift */ = {isa = PBXFileReference; fileEncoding = 4; lastKnownFileType = sourcecode.swift; path = AddNewPersonViewController.swift; sourceTree = "<group>"; };
		8B9D59F21995A37B00075D48 /* ClassRoster.app */ = {isa = PBXFileReference; explicitFileType = wrapper.application; includeInIndex = 0; path = ClassRoster.app; sourceTree = BUILT_PRODUCTS_DIR; };
		8B9D59F61995A37B00075D48 /* Info.plist */ = {isa = PBXFileReference; lastKnownFileType = text.plist.xml; path = Info.plist; sourceTree = "<group>"; };
		8B9D59F71995A37B00075D48 /* AppDelegate.swift */ = {isa = PBXFileReference; lastKnownFileType = sourcecode.swift; path = AppDelegate.swift; sourceTree = "<group>"; };
		8B9D59F91995A37B00075D48 /* ViewController.swift */ = {isa = PBXFileReference; lastKnownFileType = sourcecode.swift; path = ViewController.swift; sourceTree = "<group>"; };
		8B9D59FC1995A37B00075D48 /* Base */ = {isa = PBXFileReference; lastKnownFileType = file.storyboard; name = Base; path = Base.lproj/Main.storyboard; sourceTree = "<group>"; };
		8B9D59FE1995A37B00075D48 /* Images.xcassets */ = {isa = PBXFileReference; lastKnownFileType = folder.assetcatalog; path = Images.xcassets; sourceTree = "<group>"; };
		8B9D5A041995A37B00075D48 /* ClassRosterTests.xctest */ = {isa = PBXFileReference; explicitFileType = wrapper.cfbundle; includeInIndex = 0; path = ClassRosterTests.xctest; sourceTree = BUILT_PRODUCTS_DIR; };
		8B9D5A091995A37B00075D48 /* Info.plist */ = {isa = PBXFileReference; lastKnownFileType = text.plist.xml; path = Info.plist; sourceTree = "<group>"; };
		8B9D5A0A1995A37B00075D48 /* ClassRosterTests.swift */ = {isa = PBXFileReference; lastKnownFileType = sourcecode.swift; path = ClassRosterTests.swift; sourceTree = "<group>"; };
/* End PBXFileReference section */

/* Begin PBXFrameworksBuildPhase section */
		8B9D59EF1995A37B00075D48 /* Frameworks */ = {
			isa = PBXFrameworksBuildPhase;
			buildActionMask = 2147483647;
			files = (
			);
			runOnlyForDeploymentPostprocessing = 0;
		};
		8B9D5A011995A37B00075D48 /* Frameworks */ = {
			isa = PBXFrameworksBuildPhase;
			buildActionMask = 2147483647;
			files = (
			);
			runOnlyForDeploymentPostprocessing = 0;
		};
/* End PBXFrameworksBuildPhase section */

/* Begin PBXGroup section */
		8B9D59E91995A37B00075D48 = {
			isa = PBXGroup;
			children = (
				8B9D59F41995A37B00075D48 /* ClassRoster */,
				8B9D5A071995A37B00075D48 /* ClassRosterTests */,
				8B9D59F31995A37B00075D48 /* Products */,
			);
			sourceTree = "<group>";
		};
		8B9D59F31995A37B00075D48 /* Products */ = {
			isa = PBXGroup;
			children = (
				8B9D59F21995A37B00075D48 /* ClassRoster.app */,
				8B9D5A041995A37B00075D48 /* ClassRosterTests.xctest */,
			);
			name = Products;
			sourceTree = "<group>";
		};
		8B9D59F41995A37B00075D48 /* ClassRoster */ = {
			isa = PBXGroup;
			children = (
				8B9D59F71995A37B00075D48 /* AppDelegate.swift */,
				8B9D59F91995A37B00075D48 /* ViewController.swift */,
				8B78FC1D19A03FBA0098F8C9 /* AddNewPersonViewController.swift */,
				8B78FC1B199BF8600098F8C9 /* DetailViewController.swift */,
				8B1D162219994ACA00D30F2C /* Person.swift */,
				8B9D59FB1995A37B00075D48 /* Main.storyboard */,
				8B9D59FE1995A37B00075D48 /* Images.xcassets */,
				8B9D59F51995A37B00075D48 /* Supporting Files */,
			);
			path = ClassRoster;
			sourceTree = "<group>";
		};
		8B9D59F51995A37B00075D48 /* Supporting Files */ = {
			isa = PBXGroup;
			children = (
				8B9D59F61995A37B00075D48 /* Info.plist */,
			);
			name = "Supporting Files";
			sourceTree = "<group>";
		};
		8B9D5A071995A37B00075D48 /* ClassRosterTests */ = {
			isa = PBXGroup;
			children = (
				8B9D5A0A1995A37B00075D48 /* ClassRosterTests.swift */,
				8B9D5A081995A37B00075D48 /* Supporting Files */,
			);
			path = ClassRosterTests;
			sourceTree = "<group>";
		};
		8B9D5A081995A37B00075D48 /* Supporting Files */ = {
			isa = PBXGroup;
			children = (
				8B9D5A091995A37B00075D48 /* Info.plist */,
			);
			name = "Supporting Files";
			sourceTree = "<group>";
		};
/* End PBXGroup section */

/* Begin PBXNativeTarget section */
		8B9D59F11995A37B00075D48 /* ClassRoster */ = {
			isa = PBXNativeTarget;
			buildConfigurationList = 8B9D5A0E1995A37B00075D48 /* Build configuration list for PBXNativeTarget "ClassRoster" */;
			buildPhases = (
				8B9D59EE1995A37B00075D48 /* Sources */,
				8B9D59EF1995A37B00075D48 /* Frameworks */,
				8B9D59F01995A37B00075D48 /* Resources */,
			);
			buildRules = (
			);
			dependencies = (
			);
			name = ClassRoster;
			productName = ClassRoster;
			productReference = 8B9D59F21995A37B00075D48 /* ClassRoster.app */;
			productType = "com.apple.product-type.application";
		};
		8B9D5A031995A37B00075D48 /* ClassRosterTests */ = {
			isa = PBXNativeTarget;
			buildConfigurationList = 8B9D5A111995A37B00075D48 /* Build configuration list for PBXNativeTarget "ClassRosterTests" */;
			buildPhases = (
				8B9D5A001995A37B00075D48 /* Sources */,
				8B9D5A011995A37B00075D48 /* Frameworks */,
				8B9D5A021995A37B00075D48 /* Resources */,
			);
			buildRules = (
			);
			dependencies = (
				8B9D5A061995A37B00075D48 /* PBXTargetDependency */,
			);
			name = ClassRosterTests;
			productName = ClassRosterTests;
			productReference = 8B9D5A041995A37B00075D48 /* ClassRosterTests.xctest */;
			productType = "com.apple.product-type.bundle.unit-test";
		};
/* End PBXNativeTarget section */

/* Begin PBXProject section */
		8B9D59EA1995A37B00075D48 /* Project object */ = {
			isa = PBXProject;
			attributes = {
				LastUpgradeCheck = 0600;
				ORGANIZATIONNAME = "Adrian Gherle";
				TargetAttributes = {
					8B9D59F11995A37B00075D48 = {
						CreatedOnToolsVersion = 6.0;
					};
					8B9D5A031995A37B00075D48 = {
						CreatedOnToolsVersion = 6.0;
						TestTargetID = 8B9D59F11995A37B00075D48;
					};
				};
			};
			buildConfigurationList = 8B9D59ED1995A37B00075D48 /* Build configuration list for PBXProject "ClassRoster" */;
			compatibilityVersion = "Xcode 3.2";
			developmentRegion = English;
			hasScannedForEncodings = 0;
			knownRegions = (
				en,
				Base,
			);
			mainGroup = 8B9D59E91995A37B00075D48;
			productRefGroup = 8B9D59F31995A37B00075D48 /* Products */;
			projectDirPath = "";
			projectRoot = "";
			targets = (
				8B9D59F11995A37B00075D48 /* ClassRoster */,
				8B9D5A031995A37B00075D48 /* ClassRosterTests */,
			);
		};
/* End PBXProject section */

/* Begin PBXResourcesBuildPhase section */
		8B9D59F01995A37B00075D48 /* Resources */ = {
			isa = PBXResourcesBuildPhase;
			buildActionMask = 2147483647;
			files = (
				8B9D59FD1995A37B00075D48 /* Main.storyboard in Resources */,
				8B9D59FF1995A37B00075D48 /* Images.xcassets in Resources */,
			);
			runOnlyForDeploymentPostprocessing = 0;
		};
		8B9D5A021995A37B00075D48 /* Resources */ = {
			isa = PBXResourcesBuildPhase;
			buildActionMask = 2147483647;
			files = (
			);
			runOnlyForDeploymentPostprocessing = 0;
		};
/* End PBXResourcesBuildPhase section */

/* Begin PBXSourcesBuildPhase section */
		8B9D59EE1995A37B00075D48 /* Sources */ = {
			isa = PBXSourcesBuildPhase;
			buildActionMask = 2147483647;
			files = (
				8B1D162319994ACA00D30F2C /* Person.swift in Sources */,
				8B9D59FA1995A37B00075D48 /* ViewController.swift in Sources */,
				8B78FC1E19A03FBA0098F8C9 /* AddNewPersonViewController.swift in Sources */,
				8B9D59F81995A37B00075D48 /* AppDelegate.swift in Sources */,
				8B78FC1C199BF8600098F8C9 /* DetailViewController.swift in Sources */,
			);
			runOnlyForDeploymentPostprocessing = 0;
		};
		8B9D5A001995A37B00075D48 /* Sources */ = {
			isa = PBXSourcesBuildPhase;
			buildActionMask = 2147483647;
			files = (
				8B9D5A0B1995A37B00075D48 /* ClassRosterTests.swift in Sources */,
			);
			runOnlyForDeploymentPostprocessing = 0;
		};
/* End PBXSourcesBuildPhase section */

/* Begin PBXTargetDependency section */
		8B9D5A061995A37B00075D48 /* PBXTargetDependency */ = {
			isa = PBXTargetDependency;
			target = 8B9D59F11995A37B00075D48 /* ClassRoster */;
			targetProxy = 8B9D5A051995A37B00075D48 /* PBXContainerItemProxy */;
		};
/* End PBXTargetDependency section */

/* Begin PBXVariantGroup section */
		8B9D59FB1995A37B00075D48 /* Main.storyboard */ = {
			isa = PBXVariantGroup;
			children = (
				8B9D59FC1995A37B00075D48 /* Base */,
			);
			name = Main.storyboard;
			sourceTree = "<group>";
		};
/* End PBXVariantGroup section */

/* Begin XCBuildConfiguration section */
		8B9D5A0C1995A37B00075D48 /* Debug */ = {
			isa = XCBuildConfiguration;
			buildSettings = {
				ALWAYS_SEARCH_USER_PATHS = NO;
				CLANG_CXX_LANGUAGE_STANDARD = "gnu++0x";
				CLANG_CXX_LIBRARY = "libc++";
				CLANG_ENABLE_MODULES = YES;
				CLANG_ENABLE_OBJC_ARC = YES;
				CLANG_WARN_BOOL_CONVERSION = YES;
				CLANG_WARN_CONSTANT_CONVERSION = YES;
				CLANG_WARN_DIRECT_OBJC_ISA_USAGE = YES_ERROR;
				CLANG_WARN_EMPTY_BODY = YES;
				CLANG_WARN_ENUM_CONVERSION = YES;
				CLANG_WARN_INT_CONVERSION = YES;
				CLANG_WARN_OBJC_ROOT_CLASS = YES_ERROR;
				CLANG_WARN_UNREACHABLE_CODE = YES;
				CLANG_WARN__DUPLICATE_METHOD_MATCH = YES;
				"CODE_SIGN_IDENTITY[sdk=iphoneos*]" = "iPhone Developer";
				COPY_PHASE_STRIP = NO;
				ENABLE_STRICT_OBJC_MSGSEND = YES;
				GCC_C_LANGUAGE_STANDARD = gnu99;
				GCC_DYNAMIC_NO_PIC = NO;
				GCC_OPTIMIZATION_LEVEL = 0;
				GCC_PREPROCESSOR_DEFINITIONS = (
					"DEBUG=1",
					"$(inherited)",
				);
				GCC_SYMBOLS_PRIVATE_EXTERN = NO;
				GCC_WARN_64_TO_32_BIT_CONVERSION = YES;
				GCC_WARN_ABOUT_RETURN_TYPE = YES_ERROR;
				GCC_WARN_UNDECLARED_SELECTOR = YES;
				GCC_WARN_UNINITIALIZED_AUTOS = YES_AGGRESSIVE;
				GCC_WARN_UNUSED_FUNCTION = YES;
				GCC_WARN_UNUSED_VARIABLE = YES;
				IPHONEOS_DEPLOYMENT_TARGET = 8.0;
				MTL_ENABLE_DEBUG_INFO = YES;
				ONLY_ACTIVE_ARCH = YES;
				SDKROOT = iphoneos;
				SWIFT_OPTIMIZATION_LEVEL = "-Onone";
			};
			name = Debug;
		};
		8B9D5A0D1995A37B00075D48 /* Release */ = {
			isa = XCBuildConfiguration;
			buildSettings = {
				ALWAYS_SEARCH_USER_PATHS = NO;
				CLANG_CXX_LANGUAGE_STANDARD = "gnu++0x";
				CLANG_CXX_LIBRARY = "libc++";
				CLANG_ENABLE_MODULES = YES;
				CLANG_ENABLE_OBJC_ARC = YES;
				CLANG_WARN_BOOL_CONVERSION = YES;
				CLANG_WARN_CONSTANT_CONVERSION = YES;
				CLANG_WARN_DIRECT_OBJC_ISA_USAGE = YES_ERROR;
				CLANG_WARN_EMPTY_BODY = YES;
				CLANG_WARN_ENUM_CONVERSION = YES;
				CLANG_WARN_INT_CONVERSION = YES;
				CLANG_WARN_OBJC_ROOT_CLASS = YES_ERROR;
				CLANG_WARN_UNREACHABLE_CODE = YES;
				CLANG_WARN__DUPLICATE_METHOD_MATCH = YES;
				"CODE_SIGN_IDENTITY[sdk=iphoneos*]" = "iPhone Developer";
				COPY_PHASE_STRIP = YES;
				ENABLE_NS_ASSERTIONS = NO;
				ENABLE_STRICT_OBJC_MSGSEND = YES;
				GCC_C_LANGUAGE_STANDARD = gnu99;
				GCC_WARN_64_TO_32_BIT_CONVERSION = YES;
				GCC_WARN_ABOUT_RETURN_TYPE = YES_ERROR;
				GCC_WARN_UNDECLARED_SELECTOR = YES;
				GCC_WARN_UNINITIALIZED_AUTOS = YES_AGGRESSIVE;
				GCC_WARN_UNUSED_FUNCTION = YES;
				GCC_WARN_UNUSED_VARIABLE = YES;
				IPHONEOS_DEPLOYMENT_TARGET = 8.0;
				MTL_ENABLE_DEBUG_INFO = NO;
				SDKROOT = iphoneos;
				VALIDATE_PRODUCT = YES;
			};
			name = Release;
		};
		8B9D5A0F1995A37B00075D48 /* Debug */ = {
			isa = XCBuildConfiguration;
			buildSettings = {
				ASSETCATALOG_COMPILER_APPICON_NAME = AppIcon;
				ASSETCATALOG_COMPILER_LAUNCHIMAGE_NAME = LaunchImage;
				INFOPLIST_FILE = ClassRoster/Info.plist;
				LD_RUNPATH_SEARCH_PATHS = "$(inherited) @executable_path/Frameworks";
				PRODUCT_NAME = "$(TARGET_NAME)";
			};
			name = Debug;
		};
		8B9D5A101995A37B00075D48 /* Release */ = {
			isa = XCBuildConfiguration;
			buildSettings = {
				ASSETCATALOG_COMPILER_APPICON_NAME = AppIcon;
				ASSETCATALOG_COMPILER_LAUNCHIMAGE_NAME = LaunchImage;
				INFOPLIST_FILE = ClassRoster/Info.plist;
				LD_RUNPATH_SEARCH_PATHS = "$(inherited) @executable_path/Frameworks";
				PRODUCT_NAME = "$(TARGET_NAME)";
			};
			name = Release;
		};
		8B9D5A121995A37B00075D48 /* Debug */ = {
			isa = XCBuildConfiguration;
			buildSettings = {
				BUNDLE_LOADER = "$(TEST_HOST)";
				FRAMEWORK_SEARCH_PATHS = (
					"$(SDKROOT)/Developer/Library/Frameworks",
					"$(inherited)",
				);
				GCC_PREPROCESSOR_DEFINITIONS = (
					"DEBUG=1",
					"$(inherited)",
				);
				INFOPLIST_FILE = ClassRosterTests/Info.plist;
				LD_RUNPATH_SEARCH_PATHS = "$(inherited) @executable_path/Frameworks @loader_path/Frameworks";
				PRODUCT_NAME = "$(TARGET_NAME)";
				TEST_HOST = "$(BUILT_PRODUCTS_DIR)/ClassRoster.app/ClassRoster";
			};
			name = Debug;
		};
		8B9D5A131995A37B00075D48 /* Release */ = {
			isa = XCBuildConfiguration;
			buildSettings = {
				BUNDLE_LOADER = "$(TEST_HOST)";
				FRAMEWORK_SEARCH_PATHS = (
					"$(SDKROOT)/Developer/Library/Frameworks",
					"$(inherited)",
				);
				INFOPLIST_FILE = ClassRosterTests/Info.plist;
				LD_RUNPATH_SEARCH_PATHS = "$(inherited) @executable_path/Frameworks @loader_path/Frameworks";
				PRODUCT_NAME = "$(TARGET_NAME)";
				TEST_HOST = "$(BUILT_PRODUCTS_DIR)/ClassRoster.app/ClassRoster";
			};
			name = Release;
		};
/* End XCBuildConfiguration section */

/* Begin XCConfigurationList section */
		8B9D59ED1995A37B00075D48 /* Build configuration list for PBXProject "ClassRoster" */ = {
			isa = XCConfigurationList;
			buildConfigurations = (
				8B9D5A0C1995A37B00075D48 /* Debug */,
				8B9D5A0D1995A37B00075D48 /* Release */,
			);
			defaultConfigurationIsVisible = 0;
			defaultConfigurationName = Release;
		};
		8B9D5A0E1995A37B00075D48 /* Build configuration list for PBXNativeTarget "ClassRoster" */ = {
			isa = XCConfigurationList;
			buildConfigurations = (
				8B9D5A0F1995A37B00075D48 /* Debug */,
				8B9D5A101995A37B00075D48 /* Release */,
			);
			defaultConfigurationIsVisible = 0;
			defaultConfigurationName = Release;
		};
		8B9D5A111995A37B00075D48 /* Build configuration list for PBXNativeTarget "ClassRosterTests" */ = {
			isa = XCConfigurationList;
			buildConfigurations = (
				8B9D5A121995A37B00075D48 /* Debug */,
				8B9D5A131995A37B00075D48 /* Release */,
			);
			defaultConfigurationIsVisible = 0;
			defaultConfigurationName = Release;
		};
/* End XCConfigurationList section */
	};
	rootObject = 8B9D59EA1995A37B00075D48 /* Project object */;
}
